
Microsoft Visual Studio Solution File, Format Version 12.00
# Visual Studio Version 16
VisualStudioVersion = 16.0.32630.194
MinimumVisualStudioVersion = 10.0.40219.1
Project("{FAE04EC0-301F-11D3-BF4B-00C04F79EFBC}") = "PerfectNo", "PerfectNo\PerfectNo.csproj", "{67CC794F-4715-4070-AABC-6977A8295DB7}"
EndProject
Global
	GlobalSection(SolutionConfigurationPlatforms) = preSolution
		Debug|Any CPU = Debug|Any CPU
		Release|Any CPU = Release|Any CPU
	EndGlobalSection
	GlobalSection(ProjectConfigurationPlatforms) = postSolution
		{67CC794F-4715-4070-AABC-6977A8295DB7}.Debug|Any CPU.ActiveCfg = Debug|Any CPU
		{67CC794F-4715-4070-AABC-6977A8295DB7}.Debug|Any CPU.Build.0 = Debug|Any CPU
		{67CC794F-4715-4070-AABC-6977A8295DB7}.Release|Any CPU.ActiveCfg = Release|Any CPU
		{67CC794F-4715-4070-AABC-6977A8295DB7}.Release|Any CPU.Build.0 = Release|Any CPU
	EndGlobalSection
	GlobalSection(SolutionProperties) = preSolution
		HideSolutionNode = FALSE
	EndGlobalSection
	GlobalSection(ExtensibilityGlobals) = postSolution
		SolutionGuid = {1F5352A0-8B50-433D-AD46-64D8D5105388}
	EndGlobalSection
EndGlobal
